
Microsoft Visual Studio Solution File, Format Version 12.00
# Visual Studio Version 17
VisualStudioVersion = 17.7.34202.233
MinimumVisualStudioVersion = 10.0.40219.1
Project("{9A19103F-16F7-4668-BE54-9A1E7A4F7556}") = "SynthetIQ.Interface", "SynthetIQ.Interface\SynthetIQ.Interface.csproj", "{AC913E3E-666F-4A6B-8D33-0A0E40F09E0D}"
EndProject
Project("{9A19103F-16F7-4668-BE54-9A1E7A4F7556}") = "SynthetIQ.Utility", "SynthetIQ.Utility\SynthetIQ.Utility.csproj", "{FD3FA926-C9A5-4B0D-B7C3-DEA2D11146AC}"
EndProject
Project("{9A19103F-16F7-4668-BE54-9A1E7A4F7556}") = "SynthetIQ.Health", "SynthetIQ.Health\SynthetIQ.Health.csproj", "{30A2E7FF-9F55-4902-BA63-160280795B88}"
EndProject
Project("{9A19103F-16F7-4668-BE54-9A1E7A4F7556}") = "SynthetIQ.UnitTests", "SynthetIQ.UnitTests\SynthetIQ.UnitTests.csproj", "{74B5EB40-A1BA-42A9-851F-7637F3714159}"
EndProject
Project("{9A19103F-16F7-4668-BE54-9A1E7A4F7556}") = "SynthetIQ.DbContext", "SynthetIQ.DbContext\SynthetIQ.DbContext.csproj", "{69859822-FB85-46EE-9DC8-9E9954C5CF91}"
EndProject
Project("{9A19103F-16F7-4668-BE54-9A1E7A4F7556}") = "SynthetIQ.Functions", "SynthetIQ.Functions\SynthetIQ.Functions.csproj", "{099ED905-A96C-4C75-A81F-8EA105D3E627}"
EndProject
Global
	GlobalSection(SolutionConfigurationPlatforms) = preSolution
		Debug|Any CPU = Debug|Any CPU
		Release|Any CPU = Release|Any CPU
	EndGlobalSection
	GlobalSection(ProjectConfigurationPlatforms) = postSolution
		{AC913E3E-666F-4A6B-8D33-0A0E40F09E0D}.Debug|Any CPU.ActiveCfg = Debug|Any CPU
		{AC913E3E-666F-4A6B-8D33-0A0E40F09E0D}.Debug|Any CPU.Build.0 = Debug|Any CPU
		{AC913E3E-666F-4A6B-8D33-0A0E40F09E0D}.Release|Any CPU.ActiveCfg = Release|Any CPU
		{AC913E3E-666F-4A6B-8D33-0A0E40F09E0D}.Release|Any CPU.Build.0 = Release|Any CPU
		{FD3FA926-C9A5-4B0D-B7C3-DEA2D11146AC}.Debug|Any CPU.ActiveCfg = Debug|Any CPU
		{FD3FA926-C9A5-4B0D-B7C3-DEA2D11146AC}.Debug|Any CPU.Build.0 = Debug|Any CPU
		{FD3FA926-C9A5-4B0D-B7C3-DEA2D11146AC}.Release|Any CPU.ActiveCfg = Release|Any CPU
		{FD3FA926-C9A5-4B0D-B7C3-DEA2D11146AC}.Release|Any CPU.Build.0 = Release|Any CPU
		{30A2E7FF-9F55-4902-BA63-160280795B88}.Debug|Any CPU.ActiveCfg = Debug|Any CPU
		{30A2E7FF-9F55-4902-BA63-160280795B88}.Debug|Any CPU.Build.0 = Debug|Any CPU
		{30A2E7FF-9F55-4902-BA63-160280795B88}.Release|Any CPU.ActiveCfg = Release|Any CPU
		{30A2E7FF-9F55-4902-BA63-160280795B88}.Release|Any CPU.Build.0 = Release|Any CPU
		{74B5EB40-A1BA-42A9-851F-7637F3714159}.Debug|Any CPU.ActiveCfg = Debug|Any CPU
		{74B5EB40-A1BA-42A9-851F-7637F3714159}.Debug|Any CPU.Build.0 = Debug|Any CPU
		{74B5EB40-A1BA-42A9-851F-7637F3714159}.Release|Any CPU.ActiveCfg = Release|Any CPU
		{74B5EB40-A1BA-42A9-851F-7637F3714159}.Release|Any CPU.Build.0 = Release|Any CPU
		{69859822-FB85-46EE-9DC8-9E9954C5CF91}.Debug|Any CPU.ActiveCfg = Debug|Any CPU
		{69859822-FB85-46EE-9DC8-9E9954C5CF91}.Debug|Any CPU.Build.0 = Debug|Any CPU
		{69859822-FB85-46EE-9DC8-9E9954C5CF91}.Release|Any CPU.ActiveCfg = Release|Any CPU
		{69859822-FB85-46EE-9DC8-9E9954C5CF91}.Release|Any CPU.Build.0 = Release|Any CPU
		{099ED905-A96C-4C75-A81F-8EA105D3E627}.Debug|Any CPU.ActiveCfg = Debug|Any CPU
		{099ED905-A96C-4C75-A81F-8EA105D3E627}.Debug|Any CPU.Build.0 = Debug|Any CPU
		{099ED905-A96C-4C75-A81F-8EA105D3E627}.Release|Any CPU.ActiveCfg = Release|Any CPU
		{099ED905-A96C-4C75-A81F-8EA105D3E627}.Release|Any CPU.Build.0 = Release|Any CPU
	EndGlobalSection
	GlobalSection(SolutionProperties) = preSolution
		HideSolutionNode = FALSE
	EndGlobalSection
	GlobalSection(ExtensibilityGlobals) = postSolution
		SolutionGuid = {64699F5D-89AA-474C-91AE-BE2D9AF20C4D}
	EndGlobalSection
EndGlobal
